
Microsoft Visual Studio Solution File, Format Version 12.00
Project("{2150E333-8FDC-42A3-9474-1A3956D46DE8}") = "src", "src", "{7BEE4B5C-A063-4EB1-B09A-74751B8DD92E}"
EndProject
Project("{FAE04EC0-301F-11D3-BF4B-00C04F79EFBC}") = "QFace.Sdk.ActorSystems", "src\QFace.Sdk.ActorSystems\QFace.Sdk.ActorSystems.csproj", "{5A2D54B9-AE62-41BC-B21D-1E37FB19FFBE}"
EndProject
Project("{FAE04EC0-301F-11D3-BF4B-00C04F79EFBC}") = "QFace.Sdk.RabbitMq", "src\QFace.Sdk.RabbitMq\QFace.Sdk.RabbitMq.csproj", "{E0DF2D24-773B-4FEE-9385-4C5BE49F7B66}"
EndProject
Project("{2150E333-8FDC-42A3-9474-1A3956D46DE8}") = "samples", "samples", "{108FEDD7-76A7-4275-968C-97F3FF941B47}"
EndProject
Project("{2150E333-8FDC-42A3-9474-1A3956D46DE8}") = "docs", "docs", "{03DC69E4-0A86-4C1D-AE43-7D64B5A8CE00}"
	ProjectSection(SolutionItems) = preProject
		docs\index.md = docs\index.md
		docs\actor-system.md = docs\actor-system.md
		docs\rabbitmq-messaging.md = docs\rabbitmq-messaging.md
		docs\send-message.md = docs\send-message.md
		docs\blob-storage.md = docs\blob-storage.md
		docs\mongodb.md = docs\mongodb.md
	EndProjectSection
EndProject
Project("{2150E333-8FDC-42A3-9474-1A3956D46DE8}") = "RabbitMq", "RabbitMq", "{9D3000CA-2F36-42CC-8FF0-8B7314542C7D}"
EndProject
Project("{FAE04EC0-301F-11D3-BF4B-00C04F79EFBC}") = "Demo.RabbitMq.Consumer", "samples\RabbitMq\Demo.RabbitMq.Consumer\Demo.RabbitMq.Consumer.csproj", "{44360881-341A-4FFE-98C7-2A76D940D65A}"
EndProject
Project("{FAE04EC0-301F-11D3-BF4B-00C04F79EFBC}") = "Demo.RabbitMq.Api", "samples\RabbitMq\Demo.RabbitMq.Api\Demo.RabbitMq.Api.csproj", "{9EE67A48-B30F-4D12-9469-7E742242BF2D}"
EndProject
Project("{2150E333-8FDC-42A3-9474-1A3956D46DE8}") = "shared", "shared", "{383E4DAD-294C-423C-BE45-EB6412DBA8CA}"
	ProjectSection(SolutionItems) = preProject
		docs\shared\installation.md = docs\shared\installation.md
		docs\shared\configuration.md = docs\shared\configuration.md
	EndProjectSection
EndProject
Project("{2150E333-8FDC-42A3-9474-1A3956D46DE8}") = "scripts", "scripts", "{4CC07EAE-051E-4B68-80F8-3DA7D5786444}"
	ProjectSection(SolutionItems) = preProject
		scripts\build-sdks.sh = scripts\build-sdks.sh
	EndProjectSection
EndProject
Project("{FAE04EC0-301F-11D3-BF4B-00C04F79EFBC}") = "QFace.Sdk.BlobStorage", "src\QFace.Sdk.BlobStorage\QFace.Sdk.BlobStorage.csproj", "{3EF64D00-ADED-4BD2-9218-07EB29B228EA}"
EndProject
Project("{FAE04EC0-301F-11D3-BF4B-00C04F79EFBC}") = "QFace.Sdk.SendMessage", "src\QFace.Sdk.SendMessage\QFace.Sdk.SendMessage.csproj", "{32099E93-10DA-46CE-8E4E-6AF20605D4E9}"
EndProject
Project("{FAE04EC0-301F-11D3-BF4B-00C04F79EFBC}") = "QFace.Sdk.Extensions", "src\QFace.Sdk.Extensions\QFace.Sdk.Extensions.csproj", "{1C9180C3-691C-4722-8E3F-C427E8824D4F}"
EndProject
Project("{FAE04EC0-301F-11D3-BF4B-00C04F79EFBC}") = "Demo.BlobStorage.Api", "samples\Demo.BlobStorage.Api\Demo.BlobStorage.Api.csproj", "{5D8D5D20-C316-4B6B-B0D6-8E62FCC196CC}"
EndProject
Project("{FAE04EC0-301F-11D3-BF4B-00C04F79EFBC}") = "Demo.SendMessage.Api", "samples\Demo.SendMessage.Api\Demo.SendMessage.Api.csproj", "{E4D27898-F379-4EE9-8160-8F061381EDB4}"
EndProject
Project("{FAE04EC0-301F-11D3-BF4B-00C04F79EFBC}") = "QFace.Sdk.MongoDb", "src\QFace.Sdk.MongoDb\QFace.Sdk.MongoDb.csproj", "{B1FAA3CC-1068-4234-8739-F7BDBBB6D3D0}"
EndProject
Project("{2150E333-8FDC-42A3-9474-1A3956D46DE8}") = "tests", "tests", "{69C5394F-80E3-40E0-9037-836A716C3E9A}"
EndProject
Project("{FAE04EC0-301F-11D3-BF4B-00C04F79EFBC}") = "QFace.Sdk.MongoDb.Tests", "tests\QFace.Sdk.MongoDb.Tests\QFace.Sdk.MongoDb.Tests.csproj", "{3068EB64-68B0-482C-B377-EE48B018B337}"
EndProject
Project("{2150E333-8FDC-42A3-9474-1A3956D46DE8}") = "MongoDb", "MongoDb", "{42656D83-FE64-4547-B6E8-8447CA044085}"
EndProject
Project("{FAE04EC0-301F-11D3-BF4B-00C04F79EFBC}") = "Demo.MongoDb.MultiTenant.Api", "samples\MongoDb\Demo.MongoDb.MultiTenant.Api\Demo.MongoDb.MultiTenant.Api.csproj", "{6AA05E7B-3ADF-4F18-B41B-B2C67BFE6CC1}"
EndProject
Project("{FAE04EC0-301F-11D3-BF4B-00C04F79EFBC}") = "Demo.MongoDb.Normal.Api", "samples\MongoDb\Demo.MongoDb.Normal.Api\Demo.MongoDb.Normal.Api.csproj", "{983AEB79-6A73-4753-8944-A8F3D83C3CDA}"
EndProject
Project("{FAE04EC0-301F-11D3-BF4B-00C04F79EFBC}") = "QFace.Sdk.MongoDb.MultiTenant", "src\QFace.Sdk.MongoDb.MultiTenant\QFace.Sdk.MongoDb.MultiTenant.csproj", "{54D0E648-A9FD-4FC7-9D82-5167798938E1}"
EndProject
Global
	GlobalSection(SolutionConfigurationPlatforms) = preSolution
		Debug|Any CPU = Debug|Any CPU
		Release|Any CPU = Release|Any CPU
	EndGlobalSection
	GlobalSection(NestedProjects) = preSolution
		{5A2D54B9-AE62-41BC-B21D-1E37FB19FFBE} = {7BEE4B5C-A063-4EB1-B09A-74751B8DD92E}
		{E0DF2D24-773B-4FEE-9385-4C5BE49F7B66} = {7BEE4B5C-A063-4EB1-B09A-74751B8DD92E}
		{9D3000CA-2F36-42CC-8FF0-8B7314542C7D} = {108FEDD7-76A7-4275-968C-97F3FF941B47}
		{44360881-341A-4FFE-98C7-2A76D940D65A} = {9D3000CA-2F36-42CC-8FF0-8B7314542C7D}
		{9EE67A48-B30F-4D12-9469-7E742242BF2D} = {9D3000CA-2F36-42CC-8FF0-8B7314542C7D}
		{383E4DAD-294C-423C-BE45-EB6412DBA8CA} = {03DC69E4-0A86-4C1D-AE43-7D64B5A8CE00}
		{3EF64D00-ADED-4BD2-9218-07EB29B228EA} = {7BEE4B5C-A063-4EB1-B09A-74751B8DD92E}
		{32099E93-10DA-46CE-8E4E-6AF20605D4E9} = {7BEE4B5C-A063-4EB1-B09A-74751B8DD92E}
		{1C9180C3-691C-4722-8E3F-C427E8824D4F} = {7BEE4B5C-A063-4EB1-B09A-74751B8DD92E}
		{5D8D5D20-C316-4B6B-B0D6-8E62FCC196CC} = {108FEDD7-76A7-4275-968C-97F3FF941B47}
		{E4D27898-F379-4EE9-8160-8F061381EDB4} = {108FEDD7-76A7-4275-968C-97F3FF941B47}
		{B1FAA3CC-1068-4234-8739-F7BDBBB6D3D0} = {7BEE4B5C-A063-4EB1-B09A-74751B8DD92E}
		{3068EB64-68B0-482C-B377-EE48B018B337} = {69C5394F-80E3-40E0-9037-836A716C3E9A}
		{42656D83-FE64-4547-B6E8-8447CA044085} = {108FEDD7-76A7-4275-968C-97F3FF941B47}
		{6AA05E7B-3ADF-4F18-B41B-B2C67BFE6CC1} = {42656D83-FE64-4547-B6E8-8447CA044085}
		{983AEB79-6A73-4753-8944-A8F3D83C3CDA} = {42656D83-FE64-4547-B6E8-8447CA044085}
		{54D0E648-A9FD-4FC7-9D82-5167798938E1} = {7BEE4B5C-A063-4EB1-B09A-74751B8DD92E}
	EndGlobalSection
	GlobalSection(ProjectConfigurationPlatforms) = postSolution
		{5A2D54B9-AE62-41BC-B21D-1E37FB19FFBE}.Debug|Any CPU.ActiveCfg = Debug|Any CPU
		{5A2D54B9-AE62-41BC-B21D-1E37FB19FFBE}.Debug|Any CPU.Build.0 = Debug|Any CPU
		{5A2D54B9-AE62-41BC-B21D-1E37FB19FFBE}.Release|Any CPU.ActiveCfg = Release|Any CPU
		{5A2D54B9-AE62-41BC-B21D-1E37FB19FFBE}.Release|Any CPU.Build.0 = Release|Any CPU
		{E0DF2D24-773B-4FEE-9385-4C5BE49F7B66}.Debug|Any CPU.ActiveCfg = Debug|Any CPU
		{E0DF2D24-773B-4FEE-9385-4C5BE49F7B66}.Debug|Any CPU.Build.0 = Debug|Any CPU
		{E0DF2D24-773B-4FEE-9385-4C5BE49F7B66}.Release|Any CPU.ActiveCfg = Release|Any CPU
		{E0DF2D24-773B-4FEE-9385-4C5BE49F7B66}.Release|Any CPU.Build.0 = Release|Any CPU
		{44360881-341A-4FFE-98C7-2A76D940D65A}.Debug|Any CPU.ActiveCfg = Debug|Any CPU
		{44360881-341A-4FFE-98C7-2A76D940D65A}.Debug|Any CPU.Build.0 = Debug|Any CPU
		{44360881-341A-4FFE-98C7-2A76D940D65A}.Release|Any CPU.ActiveCfg = Release|Any CPU
		{44360881-341A-4FFE-98C7-2A76D940D65A}.Release|Any CPU.Build.0 = Release|Any CPU
		{9EE67A48-B30F-4D12-9469-7E742242BF2D}.Debug|Any CPU.ActiveCfg = Debug|Any CPU
		{9EE67A48-B30F-4D12-9469-7E742242BF2D}.Debug|Any CPU.Build.0 = Debug|Any CPU
		{9EE67A48-B30F-4D12-9469-7E742242BF2D}.Release|Any CPU.ActiveCfg = Release|Any CPU
		{9EE67A48-B30F-4D12-9469-7E742242BF2D}.Release|Any CPU.Build.0 = Release|Any CPU
		{3EF64D00-ADED-4BD2-9218-07EB29B228EA}.Debug|Any CPU.ActiveCfg = Debug|Any CPU
		{3EF64D00-ADED-4BD2-9218-07EB29B228EA}.Debug|Any CPU.Build.0 = Debug|Any CPU
		{3EF64D00-ADED-4BD2-9218-07EB29B228EA}.Release|Any CPU.ActiveCfg = Release|Any CPU
		{3EF64D00-ADED-4BD2-9218-07EB29B228EA}.Release|Any CPU.Build.0 = Release|Any CPU
		{32099E93-10DA-46CE-8E4E-6AF20605D4E9}.Debug|Any CPU.ActiveCfg = Debug|Any CPU
		{32099E93-10DA-46CE-8E4E-6AF20605D4E9}.Debug|Any CPU.Build.0 = Debug|Any CPU
		{32099E93-10DA-46CE-8E4E-6AF20605D4E9}.Release|Any CPU.ActiveCfg = Release|Any CPU
		{32099E93-10DA-46CE-8E4E-6AF20605D4E9}.Release|Any CPU.Build.0 = Release|Any CPU
		{1C9180C3-691C-4722-8E3F-C427E8824D4F}.Debug|Any CPU.ActiveCfg = Debug|Any CPU
		{1C9180C3-691C-4722-8E3F-C427E8824D4F}.Debug|Any CPU.Build.0 = Debug|Any CPU
		{1C9180C3-691C-4722-8E3F-C427E8824D4F}.Release|Any CPU.ActiveCfg = Release|Any CPU
		{1C9180C3-691C-4722-8E3F-C427E8824D4F}.Release|Any CPU.Build.0 = Release|Any CPU
		{5D8D5D20-C316-4B6B-B0D6-8E62FCC196CC}.Debug|Any CPU.ActiveCfg = Debug|Any CPU
		{5D8D5D20-C316-4B6B-B0D6-8E62FCC196CC}.Debug|Any CPU.Build.0 = Debug|Any CPU
		{5D8D5D20-C316-4B6B-B0D6-8E62FCC196CC}.Release|Any CPU.ActiveCfg = Release|Any CPU
		{5D8D5D20-C316-4B6B-B0D6-8E62FCC196CC}.Release|Any CPU.Build.0 = Release|Any CPU
		{E4D27898-F379-4EE9-8160-8F061381EDB4}.Debug|Any CPU.ActiveCfg = Debug|Any CPU
		{E4D27898-F379-4EE9-8160-8F061381EDB4}.Debug|Any CPU.Build.0 = Debug|Any CPU
		{E4D27898-F379-4EE9-8160-8F061381EDB4}.Release|Any CPU.ActiveCfg = Release|Any CPU
		{E4D27898-F379-4EE9-8160-8F061381EDB4}.Release|Any CPU.Build.0 = Release|Any CPU
		{B1FAA3CC-1068-4234-8739-F7BDBBB6D3D0}.Debug|Any CPU.ActiveCfg = Debug|Any CPU
		{B1FAA3CC-1068-4234-8739-F7BDBBB6D3D0}.Debug|Any CPU.Build.0 = Debug|Any CPU
		{B1FAA3CC-1068-4234-8739-F7BDBBB6D3D0}.Release|Any CPU.ActiveCfg = Release|Any CPU
		{B1FAA3CC-1068-4234-8739-F7BDBBB6D3D0}.Release|Any CPU.Build.0 = Release|Any CPU
		{3068EB64-68B0-482C-B377-EE48B018B337}.Debug|Any CPU.ActiveCfg = Debug|Any CPU
		{3068EB64-68B0-482C-B377-EE48B018B337}.Debug|Any CPU.Build.0 = Debug|Any CPU
		{3068EB64-68B0-482C-B377-EE48B018B337}.Release|Any CPU.ActiveCfg = Release|Any CPU
		{3068EB64-68B0-482C-B377-EE48B018B337}.Release|Any CPU.Build.0 = Release|Any CPU
		{6AA05E7B-3ADF-4F18-B41B-B2C67BFE6CC1}.Debug|Any CPU.ActiveCfg = Debug|Any CPU
		{6AA05E7B-3ADF-4F18-B41B-B2C67BFE6CC1}.Debug|Any CPU.Build.0 = Debug|Any CPU
		{6AA05E7B-3ADF-4F18-B41B-B2C67BFE6CC1}.Release|Any CPU.ActiveCfg = Release|Any CPU
		{6AA05E7B-3ADF-4F18-B41B-B2C67BFE6CC1}.Release|Any CPU.Build.0 = Release|Any CPU
		{983AEB79-6A73-4753-8944-A8F3D83C3CDA}.Debug|Any CPU.ActiveCfg = Debug|Any CPU
		{983AEB79-6A73-4753-8944-A8F3D83C3CDA}.Debug|Any CPU.Build.0 = Debug|Any CPU
		{983AEB79-6A73-4753-8944-A8F3D83C3CDA}.Release|Any CPU.ActiveCfg = Release|Any CPU
		{983AEB79-6A73-4753-8944-A8F3D83C3CDA}.Release|Any CPU.Build.0 = Release|Any CPU
		{54D0E648-A9FD-4FC7-9D82-5167798938E1}.Debug|Any CPU.ActiveCfg = Debug|Any CPU
		{54D0E648-A9FD-4FC7-9D82-5167798938E1}.Debug|Any CPU.Build.0 = Debug|Any CPU
		{54D0E648-A9FD-4FC7-9D82-5167798938E1}.Release|Any CPU.ActiveCfg = Release|Any CPU
		{54D0E648-A9FD-4FC7-9D82-5167798938E1}.Release|Any CPU.Build.0 = Release|Any CPU
	EndGlobalSection
EndGlobal
